
Microsoft Visual Studio Solution File, Format Version 12.00
# Visual Studio Version 17
VisualStudioVersion = 17.3.32929.385
MinimumVisualStudioVersion = 10.0.40219.1
Project("{FAE04EC0-301F-11D3-BF4B-00C04F79EFBC}") = "Final Project x Boss.Az", "Final Project x Boss.Az\Final Project x Boss.Az.csproj", "{CC8AFB09-4F03-4382-BDAD-755AE3367315}"
EndProject
Global
	GlobalSection(SolutionConfigurationPlatforms) = preSolution
		Debug|Any CPU = Debug|Any CPU
		Release|Any CPU = Release|Any CPU
	EndGlobalSection
	GlobalSection(ProjectConfigurationPlatforms) = postSolution
		{CC8AFB09-4F03-4382-BDAD-755AE3367315}.Debug|Any CPU.ActiveCfg = Debug|Any CPU
		{CC8AFB09-4F03-4382-BDAD-755AE3367315}.Debug|Any CPU.Build.0 = Debug|Any CPU
		{CC8AFB09-4F03-4382-BDAD-755AE3367315}.Release|Any CPU.ActiveCfg = Release|Any CPU
		{CC8AFB09-4F03-4382-BDAD-755AE3367315}.Release|Any CPU.Build.0 = Release|Any CPU
	EndGlobalSection
	GlobalSection(SolutionProperties) = preSolution
		HideSolutionNode = FALSE
	EndGlobalSection
	GlobalSection(ExtensibilityGlobals) = postSolution
		SolutionGuid = {84DE59D9-5F7E-4E45-9ADD-9893A768733D}
	EndGlobalSection
EndGlobal
